{
  "name": "open-proxy-checker",
  "version": "0.1.0",
  "lockfileVersion": 3,
  "requires": true,
  "packages": {
    "": {
      "name": "open-proxy-checker",
      "version": "0.1.0",
      "license": "MIT",
      "bin": {
        "proxy-checker": "bin/start-cli.mjs",
        "proxy-checker-server": "bin/start-server.mjs"
      },
      "engines": {
        "node": ">=18"
      }
    }
  }
}
